
Microsoft Visual Studio Solution File, Format Version 12.00
# Visual Studio Version 17
VisualStudioVersion = 17.14.36109.1 d17.14
MinimumVisualStudioVersion = 10.0.40219.1
Project("{FAE04EC0-301F-11D3-BF4B-00C04F79EFBC}") = "Constants", "Constants\Constants.csproj", "{BE858DFB-275C-45DF-989E-D76C19075B5B}"
EndProject
Global
	GlobalSection(SolutionConfigurationPlatforms) = preSolution
		Debug|Any CPU = Debug|Any CPU
		Release|Any CPU = Release|Any CPU
	EndGlobalSection
	GlobalSection(ProjectConfigurationPlatforms) = postSolution
		{BE858DFB-275C-45DF-989E-D76C19075B5B}.Debug|Any CPU.ActiveCfg = Debug|Any CPU
		{BE858DFB-275C-45DF-989E-D76C19075B5B}.Debug|Any CPU.Build.0 = Debug|Any CPU
		{BE858DFB-275C-45DF-989E-D76C19075B5B}.Release|Any CPU.ActiveCfg = Release|Any CPU
		{BE858DFB-275C-45DF-989E-D76C19075B5B}.Release|Any CPU.Build.0 = Release|Any CPU
	EndGlobalSection
	GlobalSection(SolutionProperties) = preSolution
		HideSolutionNode = FALSE
	EndGlobalSection
	GlobalSection(ExtensibilityGlobals) = postSolution
		SolutionGuid = {9E35CA97-5E95-4933-BF91-94DE0B3653A7}
	EndGlobalSection
EndGlobal
