
Microsoft Visual Studio Solution File, Format Version 12.00
# Visual Studio Version 17
VisualStudioVersion = 17.14.36109.1 d17.14
MinimumVisualStudioVersion = 10.0.40219.1
Project("{FAE04EC0-301F-11D3-BF4B-00C04F79EFBC}") = "TypeCasting", "TypeCasting\TypeCasting.csproj", "{27DDC4AD-D7A5-40D1-B8A1-C799225060FA}"
EndProject
Global
	GlobalSection(SolutionConfigurationPlatforms) = preSolution
		Debug|Any CPU = Debug|Any CPU
		Release|Any CPU = Release|Any CPU
	EndGlobalSection
	GlobalSection(ProjectConfigurationPlatforms) = postSolution
		{27DDC4AD-D7A5-40D1-B8A1-C799225060FA}.Debug|Any CPU.ActiveCfg = Debug|Any CPU
		{27DDC4AD-D7A5-40D1-B8A1-C799225060FA}.Debug|Any CPU.Build.0 = Debug|Any CPU
		{27DDC4AD-D7A5-40D1-B8A1-C799225060FA}.Release|Any CPU.ActiveCfg = Release|Any CPU
		{27DDC4AD-D7A5-40D1-B8A1-C799225060FA}.Release|Any CPU.Build.0 = Release|Any CPU
	EndGlobalSection
	GlobalSection(SolutionProperties) = preSolution
		HideSolutionNode = FALSE
	EndGlobalSection
	GlobalSection(ExtensibilityGlobals) = postSolution
		SolutionGuid = {CF86E646-B21E-492A-8E05-30AF6B52ED50}
	EndGlobalSection
EndGlobal
