
Microsoft Visual Studio Solution File, Format Version 12.00
# Visual Studio Version 17
VisualStudioVersion = 17.14.36109.1 d17.14
MinimumVisualStudioVersion = 10.0.40219.1
Project("{FAE04EC0-301F-11D3-BF4B-00C04F79EFBC}") = "LogicalOperators", "LogicalOperators\LogicalOperators.csproj", "{B0F862AE-CB1C-4861-BCAC-7E67FE2D3FF7}"
EndProject
Global
	GlobalSection(SolutionConfigurationPlatforms) = preSolution
		Debug|Any CPU = Debug|Any CPU
		Release|Any CPU = Release|Any CPU
	EndGlobalSection
	GlobalSection(ProjectConfigurationPlatforms) = postSolution
		{B0F862AE-CB1C-4861-BCAC-7E67FE2D3FF7}.Debug|Any CPU.ActiveCfg = Debug|Any CPU
		{B0F862AE-CB1C-4861-BCAC-7E67FE2D3FF7}.Debug|Any CPU.Build.0 = Debug|Any CPU
		{B0F862AE-CB1C-4861-BCAC-7E67FE2D3FF7}.Release|Any CPU.ActiveCfg = Release|Any CPU
		{B0F862AE-CB1C-4861-BCAC-7E67FE2D3FF7}.Release|Any CPU.Build.0 = Release|Any CPU
	EndGlobalSection
	GlobalSection(SolutionProperties) = preSolution
		HideSolutionNode = FALSE
	EndGlobalSection
	GlobalSection(ExtensibilityGlobals) = postSolution
		SolutionGuid = {265A2E02-A433-4558-BD37-3462F8EC9870}
	EndGlobalSection
EndGlobal
